
Microsoft Visual Studio Solution File, Format Version 12.00
# Visual Studio 14
VisualStudioVersion = 14.0.25420.1
MinimumVisualStudioVersion = 10.0.40219.1
Project("{2150E333-8FDC-42A3-9474-1A3956D46DE8}") = "src", "src", "{80544EE3-639F-47D2-BDFE-756590FEA8C1}"
EndProject
Project("{2150E333-8FDC-42A3-9474-1A3956D46DE8}") = "Solution Items", "Solution Items", "{9A7D74A4-6D8E-4198-A70D-67D9A80CF3E3}"
	ProjectSection(SolutionItems) = preProject
		global.json = global.json
	EndProjectSection
EndProject
Project("{8BB2217D-0F2D-49D1-97BC-3654ED321F3B}") = "AureliaOnCore.Web", "src\AureliaOnCore.Web\AureliaOnCore.Web.xproj", "{D1702C12-53F3-4870-9719-4E358F9E759E}"
EndProject
Global
	GlobalSection(SolutionConfigurationPlatforms) = preSolution
		Debug|Any CPU = Debug|Any CPU
		Release|Any CPU = Release|Any CPU
	EndGlobalSection
	GlobalSection(ProjectConfigurationPlatforms) = postSolution
		{D1702C12-53F3-4870-9719-4E358F9E759E}.Debug|Any CPU.ActiveCfg = Debug|Any CPU
		{D1702C12-53F3-4870-9719-4E358F9E759E}.Debug|Any CPU.Build.0 = Debug|Any CPU
		{D1702C12-53F3-4870-9719-4E358F9E759E}.Release|Any CPU.ActiveCfg = Release|Any CPU
		{D1702C12-53F3-4870-9719-4E358F9E759E}.Release|Any CPU.Build.0 = Release|Any CPU
	EndGlobalSection
	GlobalSection(SolutionProperties) = preSolution
		HideSolutionNode = FALSE
	EndGlobalSection
	GlobalSection(NestedProjects) = preSolution
		{D1702C12-53F3-4870-9719-4E358F9E759E} = {80544EE3-639F-47D2-BDFE-756590FEA8C1}
	EndGlobalSection
EndGlobal
